
Microsoft Visual Studio Solution File, Format Version 12.00
# Visual Studio Version 17
VisualStudioVersion = 17.0.32014.148
MinimumVisualStudioVersion = 10.0.40219.1
Project("{FAE04EC0-301F-11D3-BF4B-00C04F79EFBC}") = "AllNPCsHaveGuns", "AllNPCsHaveGuns\AllNPCsHaveGuns.csproj", "{E4B562EF-E724-4E7B-8A96-FB65B6CB5C01}"
EndProject
Global
	GlobalSection(SolutionConfigurationPlatforms) = preSolution
		Debug|Any CPU = Debug|Any CPU
		Release|Any CPU = Release|Any CPU
	EndGlobalSection
	GlobalSection(ProjectConfigurationPlatforms) = postSolution
		{E4B562EF-E724-4E7B-8A96-FB65B6CB5C01}.Debug|Any CPU.ActiveCfg = Debug|Any CPU
		{E4B562EF-E724-4E7B-8A96-FB65B6CB5C01}.Debug|Any CPU.Build.0 = Debug|Any CPU
		{E4B562EF-E724-4E7B-8A96-FB65B6CB5C01}.Release|Any CPU.ActiveCfg = Release|Any CPU
		{E4B562EF-E724-4E7B-8A96-FB65B6CB5C01}.Release|Any CPU.Build.0 = Release|Any CPU
	EndGlobalSection
	GlobalSection(SolutionProperties) = preSolution
		HideSolutionNode = FALSE
	EndGlobalSection
	GlobalSection(ExtensibilityGlobals) = postSolution
		SolutionGuid = {56F2AB4A-7AF5-4CFD-B7CD-A04288C81504}
	EndGlobalSection
EndGlobal
